
Microsoft Visual Studio Solution File, Format Version 12.00
# Visual Studio 14
VisualStudioVersion = 14.0.25420.1
MinimumVisualStudioVersion = 10.0.40219.1
Project("{2150E333-8FDC-42A3-9474-1A3956D46DE8}") = "src", "src", "{1C586364-E2C2-4FA0-AB33-31FDDD53CFE5}"
EndProject
Project("{2150E333-8FDC-42A3-9474-1A3956D46DE8}") = "Solution Items", "Solution Items", "{F7902BF6-7E95-4906-A192-FD8E4CF25356}"
	ProjectSection(SolutionItems) = preProject
		global.json = global.json
	EndProjectSection
EndProject
Project("{8BB2217D-0F2D-49D1-97BC-3654ED321F3B}") = "rsc2016", "src\rsc2016\rsc2016.xproj", "{6B11836B-0E70-430C-8D54-B586C4AAFC88}"
EndProject
Global
	GlobalSection(SolutionConfigurationPlatforms) = preSolution
		Debug|Any CPU = Debug|Any CPU
		Release|Any CPU = Release|Any CPU
	EndGlobalSection
	GlobalSection(ProjectConfigurationPlatforms) = postSolution
		{6B11836B-0E70-430C-8D54-B586C4AAFC88}.Debug|Any CPU.ActiveCfg = Debug|Any CPU
		{6B11836B-0E70-430C-8D54-B586C4AAFC88}.Debug|Any CPU.Build.0 = Debug|Any CPU
		{6B11836B-0E70-430C-8D54-B586C4AAFC88}.Release|Any CPU.ActiveCfg = Release|Any CPU
		{6B11836B-0E70-430C-8D54-B586C4AAFC88}.Release|Any CPU.Build.0 = Release|Any CPU
	EndGlobalSection
	GlobalSection(SolutionProperties) = preSolution
		HideSolutionNode = FALSE
	EndGlobalSection
	GlobalSection(NestedProjects) = preSolution
		{6B11836B-0E70-430C-8D54-B586C4AAFC88} = {1C586364-E2C2-4FA0-AB33-31FDDD53CFE5}
	EndGlobalSection
EndGlobal
